// !$*UTF8*$!
{
	archiveVersion = 1;
	classes = {
	};
	objectVersion = 55;
	objects = {

/* Begin PBXBuildFile section */
		1D00A9852818EB4200CC96B2 /* AppDelegate.swift in Sources */ = {isa = PBXBuildFile; fileRef = 1D00A9842818EB4200CC96B2 /* AppDelegate.swift */; };
		1D00A9872818EB4200CC96B2 /* SceneDelegate.swift in Sources */ = {isa = PBXBuildFile; fileRef = 1D00A9862818EB4200CC96B2 /* SceneDelegate.swift */; };
		1D00A9892818EB4200CC96B2 /* MainViewController.swift in Sources */ = {isa = PBXBuildFile; fileRef = 1D00A9882818EB4200CC96B2 /* MainViewController.swift */; };
		1D00A98C2818EB4200CC96B2 /* Main.storyboard in Resources */ = {isa = PBXBuildFile; fileRef = 1D00A98A2818EB4200CC96B2 /* Main.storyboard */; };
		1D00A98E2818EB5200CC96B2 /* Assets.xcassets in Resources */ = {isa = PBXBuildFile; fileRef = 1D00A98D2818EB5200CC96B2 /* Assets.xcassets */; };
		1D00A9912818EB5200CC96B2 /* LaunchScreen.storyboard in Resources */ = {isa = PBXBuildFile; fileRef = 1D00A98F2818EB5200CC96B2 /* LaunchScreen.storyboard */; };
		1D23BD88281943D40000A26C /* tessdata in Resources */ = {isa = PBXBuildFile; fileRef = 1D23BD87281943D40000A26C /* tessdata */; };
		E9FB74DC1A0752EAA5D7777B /* Pods_ScanMeExam.framework in Frameworks */ = {isa = PBXBuildFile; fileRef = 8BB1846E3697AC693454FF99 /* Pods_ScanMeExam.framework */; };
/* End PBXBuildFile section */

/* Begin PBXFileReference section */
		1D00A9812818EB4200CC96B2 /* ScanMeExam.app */ = {isa = PBXFileReference; explicitFileType = wrapper.application; includeInIndex = 0; path = ScanMeExam.app; sourceTree = BUILT_PRODUCTS_DIR; };
		1D00A9842818EB4200CC96B2 /* AppDelegate.swift */ = {isa = PBXFileReference; lastKnownFileType = sourcecode.swift; path = AppDelegate.swift; sourceTree = "<group>"; };
		1D00A9862818EB4200CC96B2 /* SceneDelegate.swift */ = {isa = PBXFileReference; lastKnownFileType = sourcecode.swift; path = SceneDelegate.swift; sourceTree = "<group>"; };
		1D00A9882818EB4200CC96B2 /* MainViewController.swift */ = {isa = PBXFileReference; lastKnownFileType = sourcecode.swift; path = MainViewController.swift; sourceTree = "<group>"; };
		1D00A98B2818EB4200CC96B2 /* Base */ = {isa = PBXFileReference; lastKnownFileType = file.storyboard; name = Base; path = Base.lproj/Main.storyboard; sourceTree = "<group>"; };
		1D00A98D2818EB5200CC96B2 /* Assets.xcassets */ = {isa = PBXFileReference; lastKnownFileType = folder.assetcatalog; path = Assets.xcassets; sourceTree = "<group>"; };
		1D00A9902818EB5200CC96B2 /* Base */ = {isa = PBXFileReference; lastKnownFileType = file.storyboard; name = Base; path = Base.lproj/LaunchScreen.storyboard; sourceTree = "<group>"; };
		1D00A9922818EB5200CC96B2 /* Info.plist */ = {isa = PBXFileReference; lastKnownFileType = text.plist.xml; path = Info.plist; sourceTree = "<group>"; };
		1D23BD87281943D40000A26C /* tessdata */ = {isa = PBXFileReference; fileEncoding = 4; lastKnownFileType = text; path = tessdata; sourceTree = SOURCE_ROOT; };
		8BB1846E3697AC693454FF99 /* Pods_ScanMeExam.framework */ = {isa = PBXFileReference; explicitFileType = wrapper.framework; includeInIndex = 0; path = Pods_ScanMeExam.framework; sourceTree = BUILT_PRODUCTS_DIR; };
		A32BF390183B57FE9CEC6F00 /* Pods-ScanMeExam.debug.xcconfig */ = {isa = PBXFileReference; includeInIndex = 1; lastKnownFileType = text.xcconfig; name = "Pods-ScanMeExam.debug.xcconfig"; path = "Target Support Files/Pods-ScanMeExam/Pods-ScanMeExam.debug.xcconfig"; sourceTree = "<group>"; };
		C486D65AFEADDC082E613E3A /* Pods-ScanMeExam.release.xcconfig */ = {isa = PBXFileReference; includeInIndex = 1; lastKnownFileType = text.xcconfig; name = "Pods-ScanMeExam.release.xcconfig"; path = "Target Support Files/Pods-ScanMeExam/Pods-ScanMeExam.release.xcconfig"; sourceTree = "<group>"; };
/* End PBXFileReference section */

/* Begin PBXFrameworksBuildPhase section */
		1D00A97E2818EB4200CC96B2 /* Frameworks */ = {
			isa = PBXFrameworksBuildPhase;
			buildActionMask = 2147483647;
			files = (
				E9FB74DC1A0752EAA5D7777B /* Pods_ScanMeExam.framework in Frameworks */,
			);
			runOnlyForDeploymentPostprocessing = 0;
		};
/* End PBXFrameworksBuildPhase section */

/* Begin PBXGroup section */
		1D00A9782818EB4200CC96B2 = {
			isa = PBXGroup;
			children = (
				1D00A9832818EB4200CC96B2 /* ScanMeExam */,
				1D00A9822818EB4200CC96B2 /* Products */,
				7C9DE1B77990FA8A884058D5 /* Pods */,
				A057FD046A1EF5F2378B0390 /* Frameworks */,
			);
			sourceTree = "<group>";
		};
		1D00A9822818EB4200CC96B2 /* Products */ = {
			isa = PBXGroup;
			children = (
				1D00A9812818EB4200CC96B2 /* ScanMeExam.app */,
			);
			name = Products;
			sourceTree = "<group>";
		};
		1D00A9832818EB4200CC96B2 /* ScanMeExam */ = {
			isa = PBXGroup;
			children = (
				1D00A9842818EB4200CC96B2 /* AppDelegate.swift */,
				1D00A9862818EB4200CC96B2 /* SceneDelegate.swift */,
				1D00A9882818EB4200CC96B2 /* MainViewController.swift */,
				1D00A98A2818EB4200CC96B2 /* Main.storyboard */,
				1D00A98D2818EB5200CC96B2 /* Assets.xcassets */,
				1D00A98F2818EB5200CC96B2 /* LaunchScreen.storyboard */,
				1D00A9922818EB5200CC96B2 /* Info.plist */,
				1D23BD87281943D40000A26C /* tessdata */,
			);
			path = ScanMeExam;
			sourceTree = "<group>";
		};
		7C9DE1B77990FA8A884058D5 /* Pods */ = {
			isa = PBXGroup;
			children = (
				A32BF390183B57FE9CEC6F00 /* Pods-ScanMeExam.debug.xcconfig */,
				C486D65AFEADDC082E613E3A /* Pods-ScanMeExam.release.xcconfig */,
			);
			path = Pods;
			sourceTree = "<group>";
		};
		A057FD046A1EF5F2378B0390 /* Frameworks */ = {
			isa = PBXGroup;
			children = (
				8BB1846E3697AC693454FF99 /* Pods_ScanMeExam.framework */,
			);
			name = Frameworks;
			sourceTree = "<group>";
		};
/* End PBXGroup section */

/* Begin PBXNativeTarget section */
		1D00A9802818EB4200CC96B2 /* ScanMeExam */ = {
			isa = PBXNativeTarget;
			buildConfigurationList = 1D00A9952818EB5200CC96B2 /* Build configuration list for PBXNativeTarget "ScanMeExam" */;
			buildPhases = (
				1F5696633F70090772191DA6 /* [CP] Check Pods Manifest.lock */,
				1D00A97D2818EB4200CC96B2 /* Sources */,
				1D00A97E2818EB4200CC96B2 /* Frameworks */,
				1D00A97F2818EB4200CC96B2 /* Resources */,
				08B6DEF63CF5F7705A51D007 /* [CP] Embed Pods Frameworks */,
			);
			buildRules = (
			);
			dependencies = (
			);
			name = ScanMeExam;
			productName = ScanMeExam;
			productReference = 1D00A9812818EB4200CC96B2 /* ScanMeExam.app */;
			productType = "com.apple.product-type.application";
		};
/* End PBXNativeTarget section */

/* Begin PBXProject section */
		1D00A9792818EB4200CC96B2 /* Project object */ = {
			isa = PBXProject;
			attributes = {
				BuildIndependentTargetsInParallel = 1;
				LastSwiftUpdateCheck = 1330;
				LastUpgradeCheck = 1330;
				TargetAttributes = {
					1D00A9802818EB4200CC96B2 = {
						CreatedOnToolsVersion = 13.3.1;
					};
				};
			};
			buildConfigurationList = 1D00A97C2818EB4200CC96B2 /* Build configuration list for PBXProject "ScanMeExam" */;
			compatibilityVersion = "Xcode 13.0";
			developmentRegion = en;
			hasScannedForEncodings = 0;
			knownRegions = (
				en,
				Base,
			);
			mainGroup = 1D00A9782818EB4200CC96B2;
			productRefGroup = 1D00A9822818EB4200CC96B2 /* Products */;
			projectDirPath = "";
			projectRoot = "";
			targets = (
				1D00A9802818EB4200CC96B2 /* ScanMeExam */,
			);
		};
/* End PBXProject section */

/* Begin PBXResourcesBuildPhase section */
		1D00A97F2818EB4200CC96B2 /* Resources */ = {
			isa = PBXResourcesBuildPhase;
			buildActionMask = 2147483647;
			files = (
				1D00A9912818EB5200CC96B2 /* LaunchScreen.storyboard in Resources */,
				1D23BD88281943D40000A26C /* tessdata in Resources */,
				1D00A98E2818EB5200CC96B2 /* Assets.xcassets in Resources */,
				1D00A98C2818EB4200CC96B2 /* Main.storyboard in Resources */,
			);
			runOnlyForDeploymentPostprocessing = 0;
		};
/* End PBXResourcesBuildPhase section */

/* Begin PBXShellScriptBuildPhase section */
		08B6DEF63CF5F7705A51D007 /* [CP] Embed Pods Frameworks */ = {
			isa = PBXShellScriptBuildPhase;
			buildActionMask = 2147483647;
			files = (
			);
			inputFileListPaths = (
				"${PODS_ROOT}/Target Support Files/Pods-ScanMeExam/Pods-ScanMeExam-frameworks-${CONFIGURATION}-input-files.xcfilelist",
			);
			name = "[CP] Embed Pods Frameworks";
			outputFileListPaths = (
				"${PODS_ROOT}/Target Support Files/Pods-ScanMeExam/Pods-ScanMeExam-frameworks-${CONFIGURATION}-output-files.xcfilelist",
			);
			runOnlyForDeploymentPostprocessing = 0;
			shellPath = /bin/sh;
			shellScript = "\"${PODS_ROOT}/Target Support Files/Pods-ScanMeExam/Pods-ScanMeExam-frameworks.sh\"\n";
			showEnvVarsInLog = 0;
		};
		1F5696633F70090772191DA6 /* [CP] Check Pods Manifest.lock */ = {
			isa = PBXShellScriptBuildPhase;
			buildActionMask = 2147483647;
			files = (
			);
			inputFileListPaths = (
			);
			inputPaths = (
				"${PODS_PODFILE_DIR_PATH}/Podfile.lock",
				"${PODS_ROOT}/Manifest.lock",
			);
			name = "[CP] Check Pods Manifest.lock";
			outputFileListPaths = (
			);
			outputPaths = (
				"$(DERIVED_FILE_DIR)/Pods-ScanMeExam-checkManifestLockResult.txt",
			);
			runOnlyForDeploymentPostprocessing = 0;
			shellPath = /bin/sh;
			shellScript = "diff \"${PODS_PODFILE_DIR_PATH}/Podfile.lock\" \"${PODS_ROOT}/Manifest.lock\" > /dev/null\nif [ $? != 0 ] ; then\n    # print error to STDERR\n    echo \"error: The sandbox is not in sync with the Podfile.lock. Run 'pod install' or update your CocoaPods installation.\" >&2\n    exit 1\nfi\n# This output is used by Xcode 'outputs' to avoid re-running this script phase.\necho \"SUCCESS\" > \"${SCRIPT_OUTPUT_FILE_0}\"\n";
			showEnvVarsInLog = 0;
		};
/* End PBXShellScriptBuildPhase section */

/* Begin PBXSourcesBuildPhase section */
		1D00A97D2818EB4200CC96B2 /* Sources */ = {
			isa = PBXSourcesBuildPhase;
			buildActionMask = 2147483647;
			files = (
				1D00A9892818EB4200CC96B2 /* MainViewController.swift in Sources */,
				1D00A9852818EB4200CC96B2 /* AppDelegate.swift in Sources */,
				1D00A9872818EB4200CC96B2 /* SceneDelegate.swift in Sources */,
			);
			runOnlyForDeploymentPostprocessing = 0;
		};
/* End PBXSourcesBuildPhase section */

/* Begin PBXVariantGroup section */
		1D00A98A2818EB4200CC96B2 /* Main.storyboard */ = {
			isa = PBXVariantGroup;
			children = (
				1D00A98B2818EB4200CC96B2 /* Base */,
			);
			name = Main.storyboard;
			sourceTree = "<group>";
		};
		1D00A98F2818EB5200CC96B2 /* LaunchScreen.storyboard */ = {
			isa = PBXVariantGroup;
			children = (
				1D00A9902818EB5200CC96B2 /* Base */,
			);
			name = LaunchScreen.storyboard;
			sourceTree = "<group>";
		};
/* End PBXVariantGroup section */

/* Begin XCBuildConfiguration section */
		1D00A9932818EB5200CC96B2 /* Debug */ = {
			isa = XCBuildConfiguration;
			buildSettings = {
				ALWAYS_SEARCH_USER_PATHS = NO;
				CLANG_ANALYZER_NONNULL = YES;
				CLANG_ANALYZER_NUMBER_OBJECT_CONVERSION = YES_AGGRESSIVE;
				CLANG_CXX_LANGUAGE_STANDARD = "gnu++17";
				CLANG_ENABLE_MODULES = YES;
				CLANG_ENABLE_OBJC_ARC = YES;
				CLANG_ENABLE_OBJC_WEAK = YES;
				CLANG_WARN_BLOCK_CAPTURE_AUTORELEASING = YES;
				CLANG_WARN_BOOL_CONVERSION = YES;
				CLANG_WARN_COMMA = YES;
				CLANG_WARN_CONSTANT_CONVERSION = YES;
				CLANG_WARN_DEPRECATED_OBJC_IMPLEMENTATIONS = YES;
				CLANG_WARN_DIRECT_OBJC_ISA_USAGE = YES_ERROR;
				CLANG_WARN_DOCUMENTATION_COMMENTS = YES;
				CLANG_WARN_EMPTY_BODY = YES;
				CLANG_WARN_ENUM_CONVERSION = YES;
				CLANG_WARN_INFINITE_RECURSION = YES;
				CLANG_WARN_INT_CONVERSION = YES;
				CLANG_WARN_NON_LITERAL_NULL_CONVERSION = YES;
				CLANG_WARN_OBJC_IMPLICIT_RETAIN_SELF = YES;
				CLANG_WARN_OBJC_LITERAL_CONVERSION = YES;
				CLANG_WARN_OBJC_ROOT_CLASS = YES_ERROR;
				CLANG_WARN_QUOTED_INCLUDE_IN_FRAMEWORK_HEADER = YES;
				CLANG_WARN_RANGE_LOOP_ANALYSIS = YES;
				CLANG_WARN_STRICT_PROTOTYPES = YES;
				CLANG_WARN_SUSPICIOUS_MOVE = YES;
				CLANG_WARN_UNGUARDED_AVAILABILITY = YES_AGGRESSIVE;
				CLANG_WARN_UNREACHABLE_CODE = YES;
				CLANG_WARN__DUPLICATE_METHOD_MATCH = YES;
				COPY_PHASE_STRIP = NO;
				DEBUG_INFORMATION_FORMAT = dwarf;
				ENABLE_STRICT_OBJC_MSGSEND = YES;
				ENABLE_TESTABILITY = YES;
				GCC_C_LANGUAGE_STANDARD = gnu11;
				GCC_DYNAMIC_NO_PIC = NO;
				GCC_NO_COMMON_BLOCKS = YES;
				GCC_OPTIMIZATION_LEVEL = 0;
				GCC_PREPROCESSOR_DEFINITIONS = (
					"DEBUG=1",
					"$(inherited)",
				);
				GCC_WARN_64_TO_32_BIT_CONVERSION = YES;
				GCC_WARN_ABOUT_RETURN_TYPE = YES_ERROR;
				GCC_WARN_UNDECLARED_SELECTOR = YES;
				GCC_WARN_UNINITIALIZED_AUTOS = YES_AGGRESSIVE;
				GCC_WARN_UNUSED_FUNCTION = YES;
				GCC_WARN_UNUSED_VARIABLE = YES;
				IPHONEOS_DEPLOYMENT_TARGET = 13.0;
				MTL_ENABLE_DEBUG_INFO = INCLUDE_SOURCE;
				MTL_FAST_MATH = YES;
				ONLY_ACTIVE_ARCH = YES;
				SDKROOT = iphoneos;
				SWIFT_ACTIVE_COMPILATION_CONDITIONS = DEBUG;
				SWIFT_OPTIMIZATION_LEVEL = "-Onone";
			};
			name = Debug;
		};
		1D00A9942818EB5200CC96B2 /* Release */ = {
			isa = XCBuildConfiguration;
			buildSettings = {
				ALWAYS_SEARCH_USER_PATHS = NO;
				CLANG_ANALYZER_NONNULL = YES;
				CLANG_ANALYZER_NUMBER_OBJECT_CONVERSION = YES_AGGRESSIVE;
				CLANG_CXX_LANGUAGE_STANDARD = "gnu++17";
				CLANG_ENABLE_MODULES = YES;
				CLANG_ENABLE_OBJC_ARC = YES;
				CLANG_ENABLE_OBJC_WEAK = YES;
				CLANG_WARN_BLOCK_CAPTURE_AUTORELEASING = YES;
				CLANG_WARN_BOOL_CONVERSION = YES;
				CLANG_WARN_COMMA = YES;
				CLANG_WARN_CONSTANT_CONVERSION = YES;
				CLANG_WARN_DEPRECATED_OBJC_IMPLEMENTATIONS = YES;
				CLANG_WARN_DIRECT_OBJC_ISA_USAGE = YES_ERROR;
				CLANG_WARN_DOCUMENTATION_COMMENTS = YES;
				CLANG_WARN_EMPTY_BODY = YES;
				CLANG_WARN_ENUM_CONVERSION = YES;
				CLANG_WARN_INFINITE_RECURSION = YES;
				CLANG_WARN_INT_CONVERSION = YES;
				CLANG_WARN_NON_LITERAL_NULL_CONVERSION = YES;
				CLANG_WARN_OBJC_IMPLICIT_RETAIN_SELF = YES;
				CLANG_WARN_OBJC_LITERAL_CONVERSION = YES;
				CLANG_WARN_OBJC_ROOT_CLASS = YES_ERROR;
				CLANG_WARN_QUOTED_INCLUDE_IN_FRAMEWORK_HEADER = YES;
				CLANG_WARN_RANGE_LOOP_ANALYSIS = YES;
				CLANG_WARN_STRICT_PROTOTYPES = YES;
				CLANG_WARN_SUSPICIOUS_MOVE = YES;
				CLANG_WARN_UNGUARDED_AVAILABILITY = YES_AGGRESSIVE;
				CLANG_WARN_UNREACHABLE_CODE = YES;
				CLANG_WARN__DUPLICATE_METHOD_MATCH = YES;
				COPY_PHASE_STRIP = NO;
				DEBUG_INFORMATION_FORMAT = "dwarf-with-dsym";
				ENABLE_NS_ASSERTIONS = NO;
				ENABLE_STRICT_OBJC_MSGSEND = YES;
				GCC_C_LANGUAGE_STANDARD = gnu11;
				GCC_NO_COMMON_BLOCKS = YES;
				GCC_WARN_64_TO_32_BIT_CONVERSION = YES;
				GCC_WARN_ABOUT_RETURN_TYPE = YES_ERROR;
				GCC_WARN_UNDECLARED_SELECTOR = YES;
				GCC_WARN_UNINITIALIZED_AUTOS = YES_AGGRESSIVE;
				GCC_WARN_UNUSED_FUNCTION = YES;
				GCC_WARN_UNUSED_VARIABLE = YES;
				IPHONEOS_DEPLOYMENT_TARGET = 13.0;
				MTL_ENABLE_DEBUG_INFO = NO;
				MTL_FAST_MATH = YES;
				SDKROOT = iphoneos;
				SWIFT_COMPILATION_MODE = wholemodule;
				SWIFT_OPTIMIZATION_LEVEL = "-O";
				VALIDATE_PRODUCT = YES;
			};
			name = Release;
		};
		1D00A9962818EB5200CC96B2 /* Debug */ = {
			isa = XCBuildConfiguration;
			baseConfigurationReference = A32BF390183B57FE9CEC6F00 /* Pods-ScanMeExam.debug.xcconfig */;
			buildSettings = {
				ASSETCATALOG_COMPILER_APPICON_NAME = AppIcon;
				ASSETCATALOG_COMPILER_GLOBAL_ACCENT_COLOR_NAME = AccentColor;
				CODE_SIGN_STYLE = Automatic;
				CURRENT_PROJECT_VERSION = 1;
				GENERATE_INFOPLIST_FILE = YES;
				INFOPLIST_FILE = ScanMeExam/Info.plist;
				INFOPLIST_KEY_NSCameraUsageDescription = "App will use the camera to take pictures of your text";
				INFOPLIST_KEY_NSPhotoLibraryUsageDescription = "App will use photolibrary to access images for your text";
				INFOPLIST_KEY_UIApplicationSupportsIndirectInputEvents = YES;
				INFOPLIST_KEY_UILaunchStoryboardName = LaunchScreen;
				INFOPLIST_KEY_UIMainStoryboardFile = Main;
				INFOPLIST_KEY_UISupportedInterfaceOrientations = UIInterfaceOrientationPortrait;
				INFOPLIST_KEY_UISupportedInterfaceOrientations_iPad = "UIInterfaceOrientationPortrait UIInterfaceOrientationPortraitUpsideDown UIInterfaceOrientationLandscapeLeft UIInterfaceOrientationLandscapeRight";
				INFOPLIST_KEY_UISupportedInterfaceOrientations_iPhone = "UIInterfaceOrientationPortrait UIInterfaceOrientationLandscapeLeft UIInterfaceOrientationLandscapeRight";
				LD_RUNPATH_SEARCH_PATHS = (
					"$(inherited)",
					"@executable_path/Frameworks",
				);
				MARKETING_VERSION = 1.0;
				PRODUCT_BUNDLE_IDENTIFIER = exam.ScanMeExam;
				PRODUCT_NAME = "$(TARGET_NAME)";
				SWIFT_EMIT_LOC_STRINGS = YES;
				SWIFT_VERSION = 5.0;
				TARGETED_DEVICE_FAMILY = 1;
			};
			name = Debug;
		};
		1D00A9972818EB5200CC96B2 /* Release */ = {
			isa = XCBuildConfiguration;
			baseConfigurationReference = C486D65AFEADDC082E613E3A /* Pods-ScanMeExam.release.xcconfig */;
			buildSettings = {
				ASSETCATALOG_COMPILER_APPICON_NAME = AppIcon;
				ASSETCATALOG_COMPILER_GLOBAL_ACCENT_COLOR_NAME = AccentColor;
				CODE_SIGN_STYLE = Automatic;
				CURRENT_PROJECT_VERSION = 1;
				GENERATE_INFOPLIST_FILE = YES;
				INFOPLIST_FILE = ScanMeExam/Info.plist;
				INFOPLIST_KEY_NSCameraUsageDescription = "App will use the camera to take pictures of your text";
				INFOPLIST_KEY_NSPhotoLibraryUsageDescription = "App will use photolibrary to access images for your text";
				INFOPLIST_KEY_UIApplicationSupportsIndirectInputEvents = YES;
				INFOPLIST_KEY_UILaunchStoryboardName = LaunchScreen;
				INFOPLIST_KEY_UIMainStoryboardFile = Main;
				INFOPLIST_KEY_UISupportedInterfaceOrientations = UIInterfaceOrientationPortrait;
				INFOPLIST_KEY_UISupportedInterfaceOrientations_iPad = "UIInterfaceOrientationPortrait UIInterfaceOrientationPortraitUpsideDown UIInterfaceOrientationLandscapeLeft UIInterfaceOrientationLandscapeRight";
				INFOPLIST_KEY_UISupportedInterfaceOrientations_iPhone = "UIInterfaceOrientationPortrait UIInterfaceOrientationLandscapeLeft UIInterfaceOrientationLandscapeRight";
				LD_RUNPATH_SEARCH_PATHS = (
					"$(inherited)",
					"@executable_path/Frameworks",
				);
				MARKETING_VERSION = 1.0;
				PRODUCT_BUNDLE_IDENTIFIER = exam.ScanMeExam;
				PRODUCT_NAME = "$(TARGET_NAME)";
				SWIFT_EMIT_LOC_STRINGS = YES;
				SWIFT_VERSION = 5.0;
				TARGETED_DEVICE_FAMILY = 1;
			};
			name = Release;
		};
/* End XCBuildConfiguration section */

/* Begin XCConfigurationList section */
		1D00A97C2818EB4200CC96B2 /* Build configuration list for PBXProject "ScanMeExam" */ = {
			isa = XCConfigurationList;
			buildConfigurations = (
				1D00A9932818EB5200CC96B2 /* Debug */,
				1D00A9942818EB5200CC96B2 /* Release */,
			);
			defaultConfigurationIsVisible = 0;
			defaultConfigurationName = Release;
		};
		1D00A9952818EB5200CC96B2 /* Build configuration list for PBXNativeTarget "ScanMeExam" */ = {
			isa = XCConfigurationList;
			buildConfigurations = (
				1D00A9962818EB5200CC96B2 /* Debug */,
				1D00A9972818EB5200CC96B2 /* Release */,
			);
			defaultConfigurationIsVisible = 0;
			defaultConfigurationName = Release;
		};
/* End XCConfigurationList section */
	};
	rootObject = 1D00A9792818EB4200CC96B2 /* Project object */;
}
